
Microsoft Visual Studio Solution File, Format Version 12.00
# Visual Studio Version 17
VisualStudioVersion = 17.14.36109.1 d17.14
MinimumVisualStudioVersion = 10.0.40219.1
Project("{FAE04EC0-301F-11D3-BF4B-00C04F79EFBC}") = "BookShop", "BookShop\BookShop.csproj", "{C483C1E7-C2CF-4E3B-BD9B-12A55A8FDDEC}"
EndProject
Global
	GlobalSection(SolutionConfigurationPlatforms) = preSolution
		Debug|Any CPU = Debug|Any CPU
		Release|Any CPU = Release|Any CPU
	EndGlobalSection
	GlobalSection(ProjectConfigurationPlatforms) = postSolution
		{C483C1E7-C2CF-4E3B-BD9B-12A55A8FDDEC}.Debug|Any CPU.ActiveCfg = Debug|Any CPU
		{C483C1E7-C2CF-4E3B-BD9B-12A55A8FDDEC}.Debug|Any CPU.Build.0 = Debug|Any CPU
		{C483C1E7-C2CF-4E3B-BD9B-12A55A8FDDEC}.Release|Any CPU.ActiveCfg = Release|Any CPU
		{C483C1E7-C2CF-4E3B-BD9B-12A55A8FDDEC}.Release|Any CPU.Build.0 = Release|Any CPU
	EndGlobalSection
	GlobalSection(SolutionProperties) = preSolution
		HideSolutionNode = FALSE
	EndGlobalSection
	GlobalSection(ExtensibilityGlobals) = postSolution
		SolutionGuid = {1CD5D100-32A9-40E9-898C-E0B9864295B0}
	EndGlobalSection
EndGlobal
